
Microsoft Visual Studio Solution File, Format Version 12.00
# Visual Studio 15
VisualStudioVersion = 15.0.27004.2002
MinimumVisualStudioVersion = 10.0.40219.1
Project("{00D1A9C2-B5F0-4AF3-8072-F6C62B433612}") = "ServerCatalogStudio.DataBase", "ServerCatalogStudio.DataBase\ServerCatalogStudio.DataBase.sqlproj", "{4CD757CA-A7EE-422D-AF66-05AEB3363FE7}"
EndProject
Project("{2150E333-8FDC-42A3-9474-1A3956D46DE8}") = "3.0 DataBase", "3.0 DataBase", "{8E574EA8-6B56-419F-91A2-6F63872B7CAD}"
EndProject
Project("{2150E333-8FDC-42A3-9474-1A3956D46DE8}") = "2.0 Api", "2.0 Api", "{25F0817B-EC16-45A8-A8E8-E1D7B2F7B447}"
EndProject
Project("{2150E333-8FDC-42A3-9474-1A3956D46DE8}") = "1.0 Web", "1.0 Web", "{16798637-EF6A-49B0-97F7-E5AAF562DFF3}"
EndProject
Project("{FAE04EC0-301F-11D3-BF4B-00C04F79EFBC}") = "ServerCatalogStudio.Api", "ServerCatalogStudio.Api\ServerCatalogStudio.Api.csproj", "{5633BB87-F47D-4421-A0E0-3BDFA9CCC3E3}"
EndProject
Project("{E24C65DC-7377-472B-9ABA-BC803B73C61A}") = "ServerCatalogStudioWeb", "ServerCatalogStudioWeb\", "{D2992599-F543-41F5-8DFA-7C7DA50FBB2B}"
	ProjectSection(WebsiteProperties) = preProject
		TargetFrameworkMoniker = ".NETFramework,Version%3Dv4.0"
		Debug.AspNetCompiler.VirtualPath = "/localhost_53132"
		Debug.AspNetCompiler.PhysicalPath = "ServerCatalogStudioWeb\"
		Debug.AspNetCompiler.TargetPath = "PrecompiledWeb\localhost_53132\"
		Debug.AspNetCompiler.Updateable = "true"
		Debug.AspNetCompiler.ForceOverwrite = "true"
		Debug.AspNetCompiler.FixedNames = "false"
		Debug.AspNetCompiler.Debug = "True"
		Release.AspNetCompiler.VirtualPath = "/localhost_53132"
		Release.AspNetCompiler.PhysicalPath = "ServerCatalogStudioWeb\"
		Release.AspNetCompiler.TargetPath = "PrecompiledWeb\localhost_53132\"
		Release.AspNetCompiler.Updateable = "true"
		Release.AspNetCompiler.ForceOverwrite = "true"
		Release.AspNetCompiler.FixedNames = "false"
		Release.AspNetCompiler.Debug = "False"
		VWDPort = "53132"
		SlnRelativePath = "ServerCatalogStudioWeb\"
		StartServerOnDebug = "true"
	EndProjectSection
EndProject
Global
	GlobalSection(SolutionConfigurationPlatforms) = preSolution
		Debug|Any CPU = Debug|Any CPU
		Release|Any CPU = Release|Any CPU
	EndGlobalSection
	GlobalSection(ProjectConfigurationPlatforms) = postSolution
		{4CD757CA-A7EE-422D-AF66-05AEB3363FE7}.Debug|Any CPU.ActiveCfg = Debug|Any CPU
		{4CD757CA-A7EE-422D-AF66-05AEB3363FE7}.Debug|Any CPU.Build.0 = Debug|Any CPU
		{4CD757CA-A7EE-422D-AF66-05AEB3363FE7}.Debug|Any CPU.Deploy.0 = Debug|Any CPU
		{4CD757CA-A7EE-422D-AF66-05AEB3363FE7}.Release|Any CPU.ActiveCfg = Release|Any CPU
		{4CD757CA-A7EE-422D-AF66-05AEB3363FE7}.Release|Any CPU.Build.0 = Release|Any CPU
		{4CD757CA-A7EE-422D-AF66-05AEB3363FE7}.Release|Any CPU.Deploy.0 = Release|Any CPU
		{5633BB87-F47D-4421-A0E0-3BDFA9CCC3E3}.Debug|Any CPU.ActiveCfg = Debug|Any CPU
		{5633BB87-F47D-4421-A0E0-3BDFA9CCC3E3}.Debug|Any CPU.Build.0 = Debug|Any CPU
		{5633BB87-F47D-4421-A0E0-3BDFA9CCC3E3}.Release|Any CPU.ActiveCfg = Release|Any CPU
		{5633BB87-F47D-4421-A0E0-3BDFA9CCC3E3}.Release|Any CPU.Build.0 = Release|Any CPU
		{D2992599-F543-41F5-8DFA-7C7DA50FBB2B}.Debug|Any CPU.ActiveCfg = Debug|Any CPU
		{D2992599-F543-41F5-8DFA-7C7DA50FBB2B}.Debug|Any CPU.Build.0 = Debug|Any CPU
		{D2992599-F543-41F5-8DFA-7C7DA50FBB2B}.Release|Any CPU.ActiveCfg = Debug|Any CPU
		{D2992599-F543-41F5-8DFA-7C7DA50FBB2B}.Release|Any CPU.Build.0 = Debug|Any CPU
	EndGlobalSection
	GlobalSection(SolutionProperties) = preSolution
		HideSolutionNode = FALSE
	EndGlobalSection
	GlobalSection(NestedProjects) = preSolution
		{4CD757CA-A7EE-422D-AF66-05AEB3363FE7} = {8E574EA8-6B56-419F-91A2-6F63872B7CAD}
		{5633BB87-F47D-4421-A0E0-3BDFA9CCC3E3} = {25F0817B-EC16-45A8-A8E8-E1D7B2F7B447}
		{D2992599-F543-41F5-8DFA-7C7DA50FBB2B} = {16798637-EF6A-49B0-97F7-E5AAF562DFF3}
	EndGlobalSection
	GlobalSection(ExtensibilityGlobals) = postSolution
		SolutionGuid = {7CF324EC-B60B-4269-BB8D-EC9ACE92F072}
	EndGlobalSection
EndGlobal
